
Microsoft Visual Studio Solution File, Format Version 12.00
# Visual Studio Version 17
VisualStudioVersion = 17.9.34728.123
MinimumVisualStudioVersion = 10.0.40219.1
Project("{8BC9CEB8-8B4A-11D0-8D11-00A0C91BC942}") = "Ex Entrada de dados", "Ex Entrada de dados\Ex Entrada de dados.vcxproj", "{E6236C09-C7E0-471F-8CF6-FF64151A178E}"
EndProject
Global
	GlobalSection(SolutionConfigurationPlatforms) = preSolution
		Debug|x64 = Debug|x64
		Debug|x86 = Debug|x86
		Release|x64 = Release|x64
		Release|x86 = Release|x86
	EndGlobalSection
	GlobalSection(ProjectConfigurationPlatforms) = postSolution
		{E6236C09-C7E0-471F-8CF6-FF64151A178E}.Debug|x64.ActiveCfg = Debug|x64
		{E6236C09-C7E0-471F-8CF6-FF64151A178E}.Debug|x64.Build.0 = Debug|x64
		{E6236C09-C7E0-471F-8CF6-FF64151A178E}.Debug|x86.ActiveCfg = Debug|Win32
		{E6236C09-C7E0-471F-8CF6-FF64151A178E}.Debug|x86.Build.0 = Debug|Win32
		{E6236C09-C7E0-471F-8CF6-FF64151A178E}.Release|x64.ActiveCfg = Release|x64
		{E6236C09-C7E0-471F-8CF6-FF64151A178E}.Release|x64.Build.0 = Release|x64
		{E6236C09-C7E0-471F-8CF6-FF64151A178E}.Release|x86.ActiveCfg = Release|Win32
		{E6236C09-C7E0-471F-8CF6-FF64151A178E}.Release|x86.Build.0 = Release|Win32
	EndGlobalSection
	GlobalSection(SolutionProperties) = preSolution
		HideSolutionNode = FALSE
	EndGlobalSection
	GlobalSection(ExtensibilityGlobals) = postSolution
		SolutionGuid = {D9F388F8-C1BA-48E1-BBE4-7CF7ED270E24}
	EndGlobalSection
EndGlobal
