
Microsoft Visual Studio Solution File, Format Version 12.00
# Visual Studio Version 17
VisualStudioVersion = 17.9.34728.123
MinimumVisualStudioVersion = 10.0.40219.1
Project("{8BC9CEB8-8B4A-11D0-8D11-00A0C91BC942}") = "ExampleFloat", "ExampleFloat\ExampleFloat.vcxproj", "{A65FC6FE-41DA-4B34-9F33-3F37839D598D}"
EndProject
Global
	GlobalSection(SolutionConfigurationPlatforms) = preSolution
		Debug|x64 = Debug|x64
		Debug|x86 = Debug|x86
		Release|x64 = Release|x64
		Release|x86 = Release|x86
	EndGlobalSection
	GlobalSection(ProjectConfigurationPlatforms) = postSolution
		{A65FC6FE-41DA-4B34-9F33-3F37839D598D}.Debug|x64.ActiveCfg = Debug|x64
		{A65FC6FE-41DA-4B34-9F33-3F37839D598D}.Debug|x64.Build.0 = Debug|x64
		{A65FC6FE-41DA-4B34-9F33-3F37839D598D}.Debug|x86.ActiveCfg = Debug|Win32
		{A65FC6FE-41DA-4B34-9F33-3F37839D598D}.Debug|x86.Build.0 = Debug|Win32
		{A65FC6FE-41DA-4B34-9F33-3F37839D598D}.Release|x64.ActiveCfg = Release|x64
		{A65FC6FE-41DA-4B34-9F33-3F37839D598D}.Release|x64.Build.0 = Release|x64
		{A65FC6FE-41DA-4B34-9F33-3F37839D598D}.Release|x86.ActiveCfg = Release|Win32
		{A65FC6FE-41DA-4B34-9F33-3F37839D598D}.Release|x86.Build.0 = Release|Win32
	EndGlobalSection
	GlobalSection(SolutionProperties) = preSolution
		HideSolutionNode = FALSE
	EndGlobalSection
	GlobalSection(ExtensibilityGlobals) = postSolution
		SolutionGuid = {33FFA68D-F9FA-42C3-91F1-0BCB65AF8E39}
	EndGlobalSection
EndGlobal
