
Microsoft Visual Studio Solution File, Format Version 12.00
# Visual Studio Version 17
VisualStudioVersion = 17.14.37111.16 d17.14
MinimumVisualStudioVersion = 10.0.40219.1
Project("{8BC9CEB8-8B4A-11D0-8D11-00A0C91BC942}") = "MinMaxExercise", "MinMaxExercise\MinMaxExercise.vcxproj", "{80F9884A-B940-48AB-A92E-5D3323E73BE9}"
EndProject
Global
	GlobalSection(SolutionConfigurationPlatforms) = preSolution
		Debug|x64 = Debug|x64
		Debug|x86 = Debug|x86
		Release|x64 = Release|x64
		Release|x86 = Release|x86
	EndGlobalSection
	GlobalSection(ProjectConfigurationPlatforms) = postSolution
		{80F9884A-B940-48AB-A92E-5D3323E73BE9}.Debug|x64.ActiveCfg = Debug|x64
		{80F9884A-B940-48AB-A92E-5D3323E73BE9}.Debug|x64.Build.0 = Debug|x64
		{80F9884A-B940-48AB-A92E-5D3323E73BE9}.Debug|x86.ActiveCfg = Debug|Win32
		{80F9884A-B940-48AB-A92E-5D3323E73BE9}.Debug|x86.Build.0 = Debug|Win32
		{80F9884A-B940-48AB-A92E-5D3323E73BE9}.Release|x64.ActiveCfg = Release|x64
		{80F9884A-B940-48AB-A92E-5D3323E73BE9}.Release|x64.Build.0 = Release|x64
		{80F9884A-B940-48AB-A92E-5D3323E73BE9}.Release|x86.ActiveCfg = Release|Win32
		{80F9884A-B940-48AB-A92E-5D3323E73BE9}.Release|x86.Build.0 = Release|Win32
	EndGlobalSection
	GlobalSection(SolutionProperties) = preSolution
		HideSolutionNode = FALSE
	EndGlobalSection
	GlobalSection(ExtensibilityGlobals) = postSolution
		SolutionGuid = {D00527D6-A2B3-48D7-8FB6-5A28E4946C39}
	EndGlobalSection
EndGlobal
